{
  "name": "Javaskript",
  "lockfileVersion": 2,
  "requires": true,
  "packages": {
    "": {
      "dependencies": {
        "acorn": "^8.4.0"
      }
    },
    "node_modules/acorn": {
      "version": "8.4.0",
      "resolved": "https://registry.npmjs.org/acorn/-/acorn-8.4.0.tgz",
      "integrity": "sha512-ULr0LDaEqQrMFGyQ3bhJkLsbtrQ8QibAseGZeaSUiT/6zb9IvIkomWHJIvgvwad+hinRAgsI51JcWk2yvwyL+w==",
      "bin": {
        "acorn": "bin/acorn"
      },
      "engines": {
        "node": ">=0.4.0"
      }
    }
  },
  "dependencies": {
    "acorn": {
      "version": "8.4.0",
      "resolved": "https://registry.npmjs.org/acorn/-/acorn-8.4.0.tgz",
      "integrity": "sha512-ULr0LDaEqQrMFGyQ3bhJkLsbtrQ8QibAseGZeaSUiT/6zb9IvIkomWHJIvgvwad+hinRAgsI51JcWk2yvwyL+w=="
    }
  }
}
